{
  "name": "use-package",
  "version": "1.0.0",
  "lockfileVersion": 3,
  "requires": true,
  "packages": {
    "": {
      "name": "use-package",
      "version": "1.0.0",
      "license": "ISC",
      "dependencies": {
        "ejin-common": "file:../ejin-package"
      },
      "devDependencies": {
        "typescript": "^5.1.6"
      }
    },
    "../ejin-package": {
      "name": "ejin-common",
      "version": "1.0.0",
      "devDependencies": {
        "@types/node": "^20.4.1",
        "typescript": "^5.0.2",
        "vite": "^4.4.0",
        "vite-plugin-dts": "^3.2.0",
        "vite-tsconfig-paths": "^4.2.0"
      }
    },
    "node_modules/ejin-common": {
      "resolved": "../ejin-package",
      "link": true
    },
    "node_modules/typescript": {
      "version": "5.1.6",
      "resolved": "https://registry.npmjs.org/typescript/-/typescript-5.1.6.tgz",
      "integrity": "sha512-zaWCozRZ6DLEWAWFrVDz1H6FVXzUSfTy5FUMWsQlU8Ym5JP9eO4xkTIROFCQvhQf61z6O/G6ugw3SgAnvvm+HA==",
      "dev": true,
      "bin": {
        "tsc": "bin/tsc",
        "tsserver": "bin/tsserver"
      },
      "engines": {
        "node": ">=14.17"
      }
    }
  }
}
