{
  "name": "local-distribution-test",
  "version": "1.0.0",
  "lockfileVersion": 3,
  "requires": true,
  "packages": {
    "": {
      "name": "local-distribution-test",
      "version": "1.0.0",
      "license": "ISC",
      "dependencies": {
        "@jirepos/hello": "^1.0.1"
      }
    },
    "node_modules/@jirepos/hello": {
      "version": "1.0.1",
      "resolved": "https://npm.pkg.github.com/download/@jirepos/hello/1.0.1/82515649af5dfd42b27dd22d38f98d18757ae1ad",
      "integrity": "sha512-ZKRhlxb4CbabrQ2c/b8OEUUIIR1jOCUidu9NyuHWfK0wxwZ/4Ba5eqXZ0BbehgAMbLcjBKL9ip47C7/q/PnOaw==",
      "license": "MIT"
    }
  }
}
