{
  "name": "nodejs",
  "lockfileVersion": 3,
  "requires": true,
  "packages": {
    "": {
      "dependencies": {
        "bin-directory": "^1.0.1"
      }
    },
    "node_modules/bin-directory": {
      "version": "1.0.1",
      "resolved": "https://registry.npmjs.org/bin-directory/-/bin-directory-1.0.1.tgz",
      "integrity": "sha512-8HMAOv7z0Di8q5kIle9KK1Cb3s4InCurQECxct7IlUVYrS1+E5tQRGT0D86CCmXaxgOnaIZAd7/syBYdImlHng==",
      "bin": {
        "binutil": "bin/binutil.js"
      }
    }
  }
}
