{
  "name": "local-distribution-test",
  "version": "1.0.0",
  "lockfileVersion": 3,
  "requires": true,
  "packages": {
    "": {
      "name": "local-distribution-test",
      "version": "1.0.0",
      "license": "ISC",
      "dependencies": {
        "bin-directory": "^1.0.1",
        "jirepos-hello": "file:../publish-module"
      }
    },
    "../publish-module": {
      "name": "jirepos-hello",
      "version": "1.0.0",
      "license": "MIT"
    },
    "node_modules/bin-directory": {
      "version": "1.0.1",
      "resolved": "https://registry.npmjs.org/bin-directory/-/bin-directory-1.0.1.tgz",
      "integrity": "sha512-8HMAOv7z0Di8q5kIle9KK1Cb3s4InCurQECxct7IlUVYrS1+E5tQRGT0D86CCmXaxgOnaIZAd7/syBYdImlHng==",
      "bin": {
        "binutil": "bin/binutil.js"
      }
    },
    "node_modules/jirepos-hello": {
      "resolved": "../publish-module",
      "link": true
    }
  }
}
